
Microsoft Visual Studio Solution File, Format Version 12.00
# Visual Studio Version 17
VisualStudioVersion = 17.12.35527.113 d17.12
MinimumVisualStudioVersion = 10.0.40219.1
Project("{FAE04EC0-301F-11D3-BF4B-00C04F79EFBC}") = "WPF_PluralSight", "WPF_PluralSight.csproj", "{7DD5E8E0-3D7B-4F15-BB20-19876D2A5107}"
EndProject
Global
	GlobalSection(SolutionConfigurationPlatforms) = preSolution
		Debug|Any CPU = Debug|Any CPU
		Release|Any CPU = Release|Any CPU
	EndGlobalSection
	GlobalSection(ProjectConfigurationPlatforms) = postSolution
		{7DD5E8E0-3D7B-4F15-BB20-19876D2A5107}.Debug|Any CPU.ActiveCfg = Debug|Any CPU
		{7DD5E8E0-3D7B-4F15-BB20-19876D2A5107}.Debug|Any CPU.Build.0 = Debug|Any CPU
		{7DD5E8E0-3D7B-4F15-BB20-19876D2A5107}.Release|Any CPU.ActiveCfg = Release|Any CPU
		{7DD5E8E0-3D7B-4F15-BB20-19876D2A5107}.Release|Any CPU.Build.0 = Release|Any CPU
	EndGlobalSection
	GlobalSection(SolutionProperties) = preSolution
		HideSolutionNode = FALSE
	EndGlobalSection
EndGlobal
